// !$*UTF8*$!
{
	archiveVersion = 1;
	classes = {
	};
	objectVersion = 55;
	objects = {

/* Begin PBXBuildFile section */
		B6458C3C27EAF2380041DB8E /* AppDelegate.swift in Sources */ = {isa = PBXBuildFile; fileRef = B6458C3B27EAF2380041DB8E /* AppDelegate.swift */; };
		B6458C3E27EAF2380041DB8E /* SceneDelegate.swift in Sources */ = {isa = PBXBuildFile; fileRef = B6458C3D27EAF2380041DB8E /* SceneDelegate.swift */; };
		B6458C4027EAF2380041DB8E /* ViewController.swift in Sources */ = {isa = PBXBuildFile; fileRef = B6458C3F27EAF2380041DB8E /* ViewController.swift */; };
		B6458C4327EAF2380041DB8E /* Main.storyboard in Resources */ = {isa = PBXBuildFile; fileRef = B6458C4127EAF2380041DB8E /* Main.storyboard */; };
		B6458C4527EAF2390041DB8E /* Assets.xcassets in Resources */ = {isa = PBXBuildFile; fileRef = B6458C4427EAF2390041DB8E /* Assets.xcassets */; };
		B6458C4827EAF2390041DB8E /* LaunchScreen.storyboard in Resources */ = {isa = PBXBuildFile; fileRef = B6458C4627EAF2390041DB8E /* LaunchScreen.storyboard */; };
		B6458C5327EAF2390041DB8E /* comp380SecondProjTests.swift in Sources */ = {isa = PBXBuildFile; fileRef = B6458C5227EAF2390041DB8E /* comp380SecondProjTests.swift */; };
		B6458C5D27EAF2390041DB8E /* comp380SecondProjUITests.swift in Sources */ = {isa = PBXBuildFile; fileRef = B6458C5C27EAF2390041DB8E /* comp380SecondProjUITests.swift */; };
		B6458C5F27EAF2390041DB8E /* comp380SecondProjUITestsLaunchTests.swift in Sources */ = {isa = PBXBuildFile; fileRef = B6458C5E27EAF2390041DB8E /* comp380SecondProjUITestsLaunchTests.swift */; };
		B6458C6E27ED2CBE0041DB8E /* BookFlightTab.swift in Sources */ = {isa = PBXBuildFile; fileRef = B6458C6D27ED2CBE0041DB8E /* BookFlightTab.swift */; };
/* End PBXBuildFile section */

/* Begin PBXContainerItemProxy section */
		B6458C4F27EAF2390041DB8E /* PBXContainerItemProxy */ = {
			isa = PBXContainerItemProxy;
			containerPortal = B6458C3027EAF2380041DB8E /* Project object */;
			proxyType = 1;
			remoteGlobalIDString = B6458C3727EAF2380041DB8E;
			remoteInfo = comp380SecondProj;
		};
		B6458C5927EAF2390041DB8E /* PBXContainerItemProxy */ = {
			isa = PBXContainerItemProxy;
			containerPortal = B6458C3027EAF2380041DB8E /* Project object */;
			proxyType = 1;
			remoteGlobalIDString = B6458C3727EAF2380041DB8E;
			remoteInfo = comp380SecondProj;
		};
/* End PBXContainerItemProxy section */

/* Begin PBXFileReference section */
		B6458C3827EAF2380041DB8E /* comp380SecondProj.app */ = {isa = PBXFileReference; explicitFileType = wrapper.application; includeInIndex = 0; path = comp380SecondProj.app; sourceTree = BUILT_PRODUCTS_DIR; };
		B6458C3B27EAF2380041DB8E /* AppDelegate.swift */ = {isa = PBXFileReference; lastKnownFileType = sourcecode.swift; path = AppDelegate.swift; sourceTree = "<group>"; };
		B6458C3D27EAF2380041DB8E /* SceneDelegate.swift */ = {isa = PBXFileReference; lastKnownFileType = sourcecode.swift; path = SceneDelegate.swift; sourceTree = "<group>"; };
		B6458C3F27EAF2380041DB8E /* ViewController.swift */ = {isa = PBXFileReference; lastKnownFileType = sourcecode.swift; path = ViewController.swift; sourceTree = "<group>"; };
		B6458C4227EAF2380041DB8E /* Base */ = {isa = PBXFileReference; lastKnownFileType = file.storyboard; name = Base; path = Base.lproj/Main.storyboard; sourceTree = "<group>"; };
		B6458C4427EAF2390041DB8E /* Assets.xcassets */ = {isa = PBXFileReference; lastKnownFileType = folder.assetcatalog; path = Assets.xcassets; sourceTree = "<group>"; };
		B6458C4727EAF2390041DB8E /* Base */ = {isa = PBXFileReference; lastKnownFileType = file.storyboard; name = Base; path = Base.lproj/LaunchScreen.storyboard; sourceTree = "<group>"; };
		B6458C4927EAF2390041DB8E /* Info.plist */ = {isa = PBXFileReference; lastKnownFileType = text.plist.xml; path = Info.plist; sourceTree = "<group>"; };
		B6458C4E27EAF2390041DB8E /* comp380SecondProjTests.xctest */ = {isa = PBXFileReference; explicitFileType = wrapper.cfbundle; includeInIndex = 0; path = comp380SecondProjTests.xctest; sourceTree = BUILT_PRODUCTS_DIR; };
		B6458C5227EAF2390041DB8E /* comp380SecondProjTests.swift */ = {isa = PBXFileReference; lastKnownFileType = sourcecode.swift; path = comp380SecondProjTests.swift; sourceTree = "<group>"; };
		B6458C5827EAF2390041DB8E /* comp380SecondProjUITests.xctest */ = {isa = PBXFileReference; explicitFileType = wrapper.cfbundle; includeInIndex = 0; path = comp380SecondProjUITests.xctest; sourceTree = BUILT_PRODUCTS_DIR; };
		B6458C5C27EAF2390041DB8E /* comp380SecondProjUITests.swift */ = {isa = PBXFileReference; lastKnownFileType = sourcecode.swift; path = comp380SecondProjUITests.swift; sourceTree = "<group>"; };
		B6458C5E27EAF2390041DB8E /* comp380SecondProjUITestsLaunchTests.swift */ = {isa = PBXFileReference; lastKnownFileType = sourcecode.swift; path = comp380SecondProjUITestsLaunchTests.swift; sourceTree = "<group>"; };
		B6458C6D27ED2CBE0041DB8E /* BookFlightTab.swift */ = {isa = PBXFileReference; lastKnownFileType = sourcecode.swift; path = BookFlightTab.swift; sourceTree = "<group>"; };
/* End PBXFileReference section */

/* Begin PBXFrameworksBuildPhase section */
		B6458C3527EAF2380041DB8E /* Frameworks */ = {
			isa = PBXFrameworksBuildPhase;
			buildActionMask = 2147483647;
			files = (
			);
			runOnlyForDeploymentPostprocessing = 0;
		};
		B6458C4B27EAF2390041DB8E /* Frameworks */ = {
			isa = PBXFrameworksBuildPhase;
			buildActionMask = 2147483647;
			files = (
			);
			runOnlyForDeploymentPostprocessing = 0;
		};
		B6458C5527EAF2390041DB8E /* Frameworks */ = {
			isa = PBXFrameworksBuildPhase;
			buildActionMask = 2147483647;
			files = (
			);
			runOnlyForDeploymentPostprocessing = 0;
		};
/* End PBXFrameworksBuildPhase section */

/* Begin PBXGroup section */
		B6458C2F27EAF2380041DB8E = {
			isa = PBXGroup;
			children = (
				B6458C3A27EAF2380041DB8E /* comp380SecondProj */,
				B6458C5127EAF2390041DB8E /* comp380SecondProjTests */,
				B6458C5B27EAF2390041DB8E /* comp380SecondProjUITests */,
				B6458C3927EAF2380041DB8E /* Products */,
			);
			sourceTree = "<group>";
		};
		B6458C3927EAF2380041DB8E /* Products */ = {
			isa = PBXGroup;
			children = (
				B6458C3827EAF2380041DB8E /* comp380SecondProj.app */,
				B6458C4E27EAF2390041DB8E /* comp380SecondProjTests.xctest */,
				B6458C5827EAF2390041DB8E /* comp380SecondProjUITests.xctest */,
			);
			name = Products;
			sourceTree = "<group>";
		};
		B6458C3A27EAF2380041DB8E /* comp380SecondProj */ = {
			isa = PBXGroup;
			children = (
				B6458C3B27EAF2380041DB8E /* AppDelegate.swift */,
				B6458C3D27EAF2380041DB8E /* SceneDelegate.swift */,
				B6458C3F27EAF2380041DB8E /* ViewController.swift */,
				B6458C4127EAF2380041DB8E /* Main.storyboard */,
				B6458C6D27ED2CBE0041DB8E /* BookFlightTab.swift */,
				B6458C4427EAF2390041DB8E /* Assets.xcassets */,
				B6458C4627EAF2390041DB8E /* LaunchScreen.storyboard */,
				B6458C4927EAF2390041DB8E /* Info.plist */,
			);
			path = comp380SecondProj;
			sourceTree = "<group>";
		};
		B6458C5127EAF2390041DB8E /* comp380SecondProjTests */ = {
			isa = PBXGroup;
			children = (
				B6458C5227EAF2390041DB8E /* comp380SecondProjTests.swift */,
			);
			path = comp380SecondProjTests;
			sourceTree = "<group>";
		};
		B6458C5B27EAF2390041DB8E /* comp380SecondProjUITests */ = {
			isa = PBXGroup;
			children = (
				B6458C5C27EAF2390041DB8E /* comp380SecondProjUITests.swift */,
				B6458C5E27EAF2390041DB8E /* comp380SecondProjUITestsLaunchTests.swift */,
			);
			path = comp380SecondProjUITests;
			sourceTree = "<group>";
		};
/* End PBXGroup section */

/* Begin PBXNativeTarget section */
		B6458C3727EAF2380041DB8E /* comp380SecondProj */ = {
			isa = PBXNativeTarget;
			buildConfigurationList = B6458C6227EAF2390041DB8E /* Build configuration list for PBXNativeTarget "comp380SecondProj" */;
			buildPhases = (
				B6458C3427EAF2380041DB8E /* Sources */,
				B6458C3527EAF2380041DB8E /* Frameworks */,
				B6458C3627EAF2380041DB8E /* Resources */,
			);
			buildRules = (
			);
			dependencies = (
			);
			name = comp380SecondProj;
			productName = comp380SecondProj;
			productReference = B6458C3827EAF2380041DB8E /* comp380SecondProj.app */;
			productType = "com.apple.product-type.application";
		};
		B6458C4D27EAF2390041DB8E /* comp380SecondProjTests */ = {
			isa = PBXNativeTarget;
			buildConfigurationList = B6458C6527EAF2390041DB8E /* Build configuration list for PBXNativeTarget "comp380SecondProjTests" */;
			buildPhases = (
				B6458C4A27EAF2390041DB8E /* Sources */,
				B6458C4B27EAF2390041DB8E /* Frameworks */,
				B6458C4C27EAF2390041DB8E /* Resources */,
			);
			buildRules = (
			);
			dependencies = (
				B6458C5027EAF2390041DB8E /* PBXTargetDependency */,
			);
			name = comp380SecondProjTests;
			productName = comp380SecondProjTests;
			productReference = B6458C4E27EAF2390041DB8E /* comp380SecondProjTests.xctest */;
			productType = "com.apple.product-type.bundle.unit-test";
		};
		B6458C5727EAF2390041DB8E /* comp380SecondProjUITests */ = {
			isa = PBXNativeTarget;
			buildConfigurationList = B6458C6827EAF2390041DB8E /* Build configuration list for PBXNativeTarget "comp380SecondProjUITests" */;
			buildPhases = (
				B6458C5427EAF2390041DB8E /* Sources */,
				B6458C5527EAF2390041DB8E /* Frameworks */,
				B6458C5627EAF2390041DB8E /* Resources */,
			);
			buildRules = (
			);
			dependencies = (
				B6458C5A27EAF2390041DB8E /* PBXTargetDependency */,
			);
			name = comp380SecondProjUITests;
			productName = comp380SecondProjUITests;
			productReference = B6458C5827EAF2390041DB8E /* comp380SecondProjUITests.xctest */;
			productType = "com.apple.product-type.bundle.ui-testing";
		};
/* End PBXNativeTarget section */

/* Begin PBXProject section */
		B6458C3027EAF2380041DB8E /* Project object */ = {
			isa = PBXProject;
			attributes = {
				BuildIndependentTargetsInParallel = 1;
				LastSwiftUpdateCheck = 1320;
				LastUpgradeCheck = 1320;
				TargetAttributes = {
					B6458C3727EAF2380041DB8E = {
						CreatedOnToolsVersion = 13.2.1;
					};
					B6458C4D27EAF2390041DB8E = {
						CreatedOnToolsVersion = 13.2.1;
						TestTargetID = B6458C3727EAF2380041DB8E;
					};
					B6458C5727EAF2390041DB8E = {
						CreatedOnToolsVersion = 13.2.1;
						TestTargetID = B6458C3727EAF2380041DB8E;
					};
				};
			};
			buildConfigurationList = B6458C3327EAF2380041DB8E /* Build configuration list for PBXProject "comp380SecondProj" */;
			compatibilityVersion = "Xcode 13.0";
			developmentRegion = en;
			hasScannedForEncodings = 0;
			knownRegions = (
				en,
				Base,
			);
			mainGroup = B6458C2F27EAF2380041DB8E;
			productRefGroup = B6458C3927EAF2380041DB8E /* Products */;
			projectDirPath = "";
			projectRoot = "";
			targets = (
				B6458C3727EAF2380041DB8E /* comp380SecondProj */,
				B6458C4D27EAF2390041DB8E /* comp380SecondProjTests */,
				B6458C5727EAF2390041DB8E /* comp380SecondProjUITests */,
			);
		};
/* End PBXProject section */

/* Begin PBXResourcesBuildPhase section */
		B6458C3627EAF2380041DB8E /* Resources */ = {
			isa = PBXResourcesBuildPhase;
			buildActionMask = 2147483647;
			files = (
				B6458C4827EAF2390041DB8E /* LaunchScreen.storyboard in Resources */,
				B6458C4527EAF2390041DB8E /* Assets.xcassets in Resources */,
				B6458C4327EAF2380041DB8E /* Main.storyboard in Resources */,
			);
			runOnlyForDeploymentPostprocessing = 0;
		};
		B6458C4C27EAF2390041DB8E /* Resources */ = {
			isa = PBXResourcesBuildPhase;
			buildActionMask = 2147483647;
			files = (
			);
			runOnlyForDeploymentPostprocessing = 0;
		};
		B6458C5627EAF2390041DB8E /* Resources */ = {
			isa = PBXResourcesBuildPhase;
			buildActionMask = 2147483647;
			files = (
			);
			runOnlyForDeploymentPostprocessing = 0;
		};
/* End PBXResourcesBuildPhase section */

/* Begin PBXSourcesBuildPhase section */
		B6458C3427EAF2380041DB8E /* Sources */ = {
			isa = PBXSourcesBuildPhase;
			buildActionMask = 2147483647;
			files = (
				B6458C4027EAF2380041DB8E /* ViewController.swift in Sources */,
				B6458C3C27EAF2380041DB8E /* AppDelegate.swift in Sources */,
				B6458C6E27ED2CBE0041DB8E /* BookFlightTab.swift in Sources */,
				B6458C3E27EAF2380041DB8E /* SceneDelegate.swift in Sources */,
			);
			runOnlyForDeploymentPostprocessing = 0;
		};
		B6458C4A27EAF2390041DB8E /* Sources */ = {
			isa = PBXSourcesBuildPhase;
			buildActionMask = 2147483647;
			files = (
				B6458C5327EAF2390041DB8E /* comp380SecondProjTests.swift in Sources */,
			);
			runOnlyForDeploymentPostprocessing = 0;
		};
		B6458C5427EAF2390041DB8E /* Sources */ = {
			isa = PBXSourcesBuildPhase;
			buildActionMask = 2147483647;
			files = (
				B6458C5F27EAF2390041DB8E /* comp380SecondProjUITestsLaunchTests.swift in Sources */,
				B6458C5D27EAF2390041DB8E /* comp380SecondProjUITests.swift in Sources */,
			);
			runOnlyForDeploymentPostprocessing = 0;
		};
/* End PBXSourcesBuildPhase section */

/* Begin PBXTargetDependency section */
		B6458C5027EAF2390041DB8E /* PBXTargetDependency */ = {
			isa = PBXTargetDependency;
			target = B6458C3727EAF2380041DB8E /* comp380SecondProj */;
			targetProxy = B6458C4F27EAF2390041DB8E /* PBXContainerItemProxy */;
		};
		B6458C5A27EAF2390041DB8E /* PBXTargetDependency */ = {
			isa = PBXTargetDependency;
			target = B6458C3727EAF2380041DB8E /* comp380SecondProj */;
			targetProxy = B6458C5927EAF2390041DB8E /* PBXContainerItemProxy */;
		};
/* End PBXTargetDependency section */

/* Begin PBXVariantGroup section */
		B6458C4127EAF2380041DB8E /* Main.storyboard */ = {
			isa = PBXVariantGroup;
			children = (
				B6458C4227EAF2380041DB8E /* Base */,
			);
			name = Main.storyboard;
			sourceTree = "<group>";
		};
		B6458C4627EAF2390041DB8E /* LaunchScreen.storyboard */ = {
			isa = PBXVariantGroup;
			children = (
				B6458C4727EAF2390041DB8E /* Base */,
			);
			name = LaunchScreen.storyboard;
			sourceTree = "<group>";
		};
/* End PBXVariantGroup section */

/* Begin XCBuildConfiguration section */
		B6458C6027EAF2390041DB8E /* Debug */ = {
			isa = XCBuildConfiguration;
			buildSettings = {
				ALWAYS_SEARCH_USER_PATHS = NO;
				CLANG_ANALYZER_NONNULL = YES;
				CLANG_ANALYZER_NUMBER_OBJECT_CONVERSION = YES_AGGRESSIVE;
				CLANG_CXX_LANGUAGE_STANDARD = "gnu++17";
				CLANG_CXX_LIBRARY = "libc++";
				CLANG_ENABLE_MODULES = YES;
				CLANG_ENABLE_OBJC_ARC = YES;
				CLANG_ENABLE_OBJC_WEAK = YES;
				CLANG_WARN_BLOCK_CAPTURE_AUTORELEASING = YES;
				CLANG_WARN_BOOL_CONVERSION = YES;
				CLANG_WARN_COMMA = YES;
				CLANG_WARN_CONSTANT_CONVERSION = YES;
				CLANG_WARN_DEPRECATED_OBJC_IMPLEMENTATIONS = YES;
				CLANG_WARN_DIRECT_OBJC_ISA_USAGE = YES_ERROR;
				CLANG_WARN_DOCUMENTATION_COMMENTS = YES;
				CLANG_WARN_EMPTY_BODY = YES;
				CLANG_WARN_ENUM_CONVERSION = YES;
				CLANG_WARN_INFINITE_RECURSION = YES;
				CLANG_WARN_INT_CONVERSION = YES;
				CLANG_WARN_NON_LITERAL_NULL_CONVERSION = YES;
				CLANG_WARN_OBJC_IMPLICIT_RETAIN_SELF = YES;
				CLANG_WARN_OBJC_LITERAL_CONVERSION = YES;
				CLANG_WARN_OBJC_ROOT_CLASS = YES_ERROR;
				CLANG_WARN_QUOTED_INCLUDE_IN_FRAMEWORK_HEADER = YES;
				CLANG_WARN_RANGE_LOOP_ANALYSIS = YES;
				CLANG_WARN_STRICT_PROTOTYPES = YES;
				CLANG_WARN_SUSPICIOUS_MOVE = YES;
				CLANG_WARN_UNGUARDED_AVAILABILITY = YES_AGGRESSIVE;
				CLANG_WARN_UNREACHABLE_CODE = YES;
				CLANG_WARN__DUPLICATE_METHOD_MATCH = YES;
				COPY_PHASE_STRIP = NO;
				DEBUG_INFORMATION_FORMAT = dwarf;
				ENABLE_STRICT_OBJC_MSGSEND = YES;
				ENABLE_TESTABILITY = YES;
				GCC_C_LANGUAGE_STANDARD = gnu11;
				GCC_DYNAMIC_NO_PIC = NO;
				GCC_NO_COMMON_BLOCKS = YES;
				GCC_OPTIMIZATION_LEVEL = 0;
				GCC_PREPROCESSOR_DEFINITIONS = (
					"DEBUG=1",
					"$(inherited)",
				);
				GCC_WARN_64_TO_32_BIT_CONVERSION = YES;
				GCC_WARN_ABOUT_RETURN_TYPE = YES_ERROR;
				GCC_WARN_UNDECLARED_SELECTOR = YES;
				GCC_WARN_UNINITIALIZED_AUTOS = YES_AGGRESSIVE;
				GCC_WARN_UNUSED_FUNCTION = YES;
				GCC_WARN_UNUSED_VARIABLE = YES;
				IPHONEOS_DEPLOYMENT_TARGET = 15.2;
				MTL_ENABLE_DEBUG_INFO = INCLUDE_SOURCE;
				MTL_FAST_MATH = YES;
				ONLY_ACTIVE_ARCH = YES;
				SDKROOT = iphoneos;
				SWIFT_ACTIVE_COMPILATION_CONDITIONS = DEBUG;
				SWIFT_OPTIMIZATION_LEVEL = "-Onone";
			};
			name = Debug;
		};
		B6458C6127EAF2390041DB8E /* Release */ = {
			isa = XCBuildConfiguration;
			buildSettings = {
				ALWAYS_SEARCH_USER_PATHS = NO;
				CLANG_ANALYZER_NONNULL = YES;
				CLANG_ANALYZER_NUMBER_OBJECT_CONVERSION = YES_AGGRESSIVE;
				CLANG_CXX_LANGUAGE_STANDARD = "gnu++17";
				CLANG_CXX_LIBRARY = "libc++";
				CLANG_ENABLE_MODULES = YES;
				CLANG_ENABLE_OBJC_ARC = YES;
				CLANG_ENABLE_OBJC_WEAK = YES;
				CLANG_WARN_BLOCK_CAPTURE_AUTORELEASING = YES;
				CLANG_WARN_BOOL_CONVERSION = YES;
				CLANG_WARN_COMMA = YES;
				CLANG_WARN_CONSTANT_CONVERSION = YES;
				CLANG_WARN_DEPRECATED_OBJC_IMPLEMENTATIONS = YES;
				CLANG_WARN_DIRECT_OBJC_ISA_USAGE = YES_ERROR;
				CLANG_WARN_DOCUMENTATION_COMMENTS = YES;
				CLANG_WARN_EMPTY_BODY = YES;
				CLANG_WARN_ENUM_CONVERSION = YES;
				CLANG_WARN_INFINITE_RECURSION = YES;
				CLANG_WARN_INT_CONVERSION = YES;
				CLANG_WARN_NON_LITERAL_NULL_CONVERSION = YES;
				CLANG_WARN_OBJC_IMPLICIT_RETAIN_SELF = YES;
				CLANG_WARN_OBJC_LITERAL_CONVERSION = YES;
				CLANG_WARN_OBJC_ROOT_CLASS = YES_ERROR;
				CLANG_WARN_QUOTED_INCLUDE_IN_FRAMEWORK_HEADER = YES;
				CLANG_WARN_RANGE_LOOP_ANALYSIS = YES;
				CLANG_WARN_STRICT_PROTOTYPES = YES;
				CLANG_WARN_SUSPICIOUS_MOVE = YES;
				CLANG_WARN_UNGUARDED_AVAILABILITY = YES_AGGRESSIVE;
				CLANG_WARN_UNREACHABLE_CODE = YES;
				CLANG_WARN__DUPLICATE_METHOD_MATCH = YES;
				COPY_PHASE_STRIP = NO;
				DEBUG_INFORMATION_FORMAT = "dwarf-with-dsym";
				ENABLE_NS_ASSERTIONS = NO;
				ENABLE_STRICT_OBJC_MSGSEND = YES;
				GCC_C_LANGUAGE_STANDARD = gnu11;
				GCC_NO_COMMON_BLOCKS = YES;
				GCC_WARN_64_TO_32_BIT_CONVERSION = YES;
				GCC_WARN_ABOUT_RETURN_TYPE = YES_ERROR;
				GCC_WARN_UNDECLARED_SELECTOR = YES;
				GCC_WARN_UNINITIALIZED_AUTOS = YES_AGGRESSIVE;
				GCC_WARN_UNUSED_FUNCTION = YES;
				GCC_WARN_UNUSED_VARIABLE = YES;
				IPHONEOS_DEPLOYMENT_TARGET = 15.2;
				MTL_ENABLE_DEBUG_INFO = NO;
				MTL_FAST_MATH = YES;
				SDKROOT = iphoneos;
				SWIFT_COMPILATION_MODE = wholemodule;
				SWIFT_OPTIMIZATION_LEVEL = "-O";
				VALIDATE_PRODUCT = YES;
			};
			name = Release;
		};
		B6458C6327EAF2390041DB8E /* Debug */ = {
			isa = XCBuildConfiguration;
			buildSettings = {
				ASSETCATALOG_COMPILER_APPICON_NAME = AppIcon;
				ASSETCATALOG_COMPILER_GLOBAL_ACCENT_COLOR_NAME = AccentColor;
				CODE_SIGN_STYLE = Automatic;
				CURRENT_PROJECT_VERSION = 1;
				DEVELOPMENT_TEAM = 2HVK3ZT334;
				GENERATE_INFOPLIST_FILE = YES;
				INFOPLIST_FILE = comp380SecondProj/Info.plist;
				INFOPLIST_KEY_UIApplicationSupportsIndirectInputEvents = YES;
				INFOPLIST_KEY_UILaunchStoryboardName = LaunchScreen;
				INFOPLIST_KEY_UIMainStoryboardFile = Main;
				INFOPLIST_KEY_UISupportedInterfaceOrientations_iPad = "UIInterfaceOrientationPortrait UIInterfaceOrientationPortraitUpsideDown UIInterfaceOrientationLandscapeLeft UIInterfaceOrientationLandscapeRight";
				INFOPLIST_KEY_UISupportedInterfaceOrientations_iPhone = "UIInterfaceOrientationPortrait UIInterfaceOrientationLandscapeLeft UIInterfaceOrientationLandscapeRight";
				LD_RUNPATH_SEARCH_PATHS = (
					"$(inherited)",
					"@executable_path/Frameworks",
				);
				MARKETING_VERSION = 1.0;
				PRODUCT_BUNDLE_IDENTIFIER = kelvin.comp380SecondProj;
				PRODUCT_NAME = "$(TARGET_NAME)";
				SWIFT_EMIT_LOC_STRINGS = YES;
				SWIFT_VERSION = 5.0;
				TARGETED_DEVICE_FAMILY = "1,2";
			};
			name = Debug;
		};
		B6458C6427EAF2390041DB8E /* Release */ = {
			isa = XCBuildConfiguration;
			buildSettings = {
				ASSETCATALOG_COMPILER_APPICON_NAME = AppIcon;
				ASSETCATALOG_COMPILER_GLOBAL_ACCENT_COLOR_NAME = AccentColor;
				CODE_SIGN_STYLE = Automatic;
				CURRENT_PROJECT_VERSION = 1;
				DEVELOPMENT_TEAM = 2HVK3ZT334;
				GENERATE_INFOPLIST_FILE = YES;
				INFOPLIST_FILE = comp380SecondProj/Info.plist;
				INFOPLIST_KEY_UIApplicationSupportsIndirectInputEvents = YES;
				INFOPLIST_KEY_UILaunchStoryboardName = LaunchScreen;
				INFOPLIST_KEY_UIMainStoryboardFile = Main;
				INFOPLIST_KEY_UISupportedInterfaceOrientations_iPad = "UIInterfaceOrientationPortrait UIInterfaceOrientationPortraitUpsideDown UIInterfaceOrientationLandscapeLeft UIInterfaceOrientationLandscapeRight";
				INFOPLIST_KEY_UISupportedInterfaceOrientations_iPhone = "UIInterfaceOrientationPortrait UIInterfaceOrientationLandscapeLeft UIInterfaceOrientationLandscapeRight";
				LD_RUNPATH_SEARCH_PATHS = (
					"$(inherited)",
					"@executable_path/Frameworks",
				);
				MARKETING_VERSION = 1.0;
				PRODUCT_BUNDLE_IDENTIFIER = kelvin.comp380SecondProj;
				PRODUCT_NAME = "$(TARGET_NAME)";
				SWIFT_EMIT_LOC_STRINGS = YES;
				SWIFT_VERSION = 5.0;
				TARGETED_DEVICE_FAMILY = "1,2";
			};
			name = Release;
		};
		B6458C6627EAF2390041DB8E /* Debug */ = {
			isa = XCBuildConfiguration;
			buildSettings = {
				ALWAYS_EMBED_SWIFT_STANDARD_LIBRARIES = YES;
				BUNDLE_LOADER = "$(TEST_HOST)";
				CODE_SIGN_STYLE = Automatic;
				CURRENT_PROJECT_VERSION = 1;
				DEVELOPMENT_TEAM = 2HVK3ZT334;
				GENERATE_INFOPLIST_FILE = YES;
				IPHONEOS_DEPLOYMENT_TARGET = 15.2;
				MARKETING_VERSION = 1.0;
				PRODUCT_BUNDLE_IDENTIFIER = kelvin.comp380SecondProjTests;
				PRODUCT_NAME = "$(TARGET_NAME)";
				SWIFT_EMIT_LOC_STRINGS = NO;
				SWIFT_VERSION = 5.0;
				TARGETED_DEVICE_FAMILY = "1,2";
				TEST_HOST = "$(BUILT_PRODUCTS_DIR)/comp380SecondProj.app/comp380SecondProj";
			};
			name = Debug;
		};
		B6458C6727EAF2390041DB8E /* Release */ = {
			isa = XCBuildConfiguration;
			buildSettings = {
				ALWAYS_EMBED_SWIFT_STANDARD_LIBRARIES = YES;
				BUNDLE_LOADER = "$(TEST_HOST)";
				CODE_SIGN_STYLE = Automatic;
				CURRENT_PROJECT_VERSION = 1;
				DEVELOPMENT_TEAM = 2HVK3ZT334;
				GENERATE_INFOPLIST_FILE = YES;
				IPHONEOS_DEPLOYMENT_TARGET = 15.2;
				MARKETING_VERSION = 1.0;
				PRODUCT_BUNDLE_IDENTIFIER = kelvin.comp380SecondProjTests;
				PRODUCT_NAME = "$(TARGET_NAME)";
				SWIFT_EMIT_LOC_STRINGS = NO;
				SWIFT_VERSION = 5.0;
				TARGETED_DEVICE_FAMILY = "1,2";
				TEST_HOST = "$(BUILT_PRODUCTS_DIR)/comp380SecondProj.app/comp380SecondProj";
			};
			name = Release;
		};
		B6458C6927EAF2390041DB8E /* Debug */ = {
			isa = XCBuildConfiguration;
			buildSettings = {
				ALWAYS_EMBED_SWIFT_STANDARD_LIBRARIES = YES;
				CODE_SIGN_STYLE = Automatic;
				CURRENT_PROJECT_VERSION = 1;
				DEVELOPMENT_TEAM = 2HVK3ZT334;
				GENERATE_INFOPLIST_FILE = YES;
				MARKETING_VERSION = 1.0;
				PRODUCT_BUNDLE_IDENTIFIER = kelvin.comp380SecondProjUITests;
				PRODUCT_NAME = "$(TARGET_NAME)";
				SWIFT_EMIT_LOC_STRINGS = NO;
				SWIFT_VERSION = 5.0;
				TARGETED_DEVICE_FAMILY = "1,2";
				TEST_TARGET_NAME = comp380SecondProj;
			};
			name = Debug;
		};
		B6458C6A27EAF2390041DB8E /* Release */ = {
			isa = XCBuildConfiguration;
			buildSettings = {
				ALWAYS_EMBED_SWIFT_STANDARD_LIBRARIES = YES;
				CODE_SIGN_STYLE = Automatic;
				CURRENT_PROJECT_VERSION = 1;
				DEVELOPMENT_TEAM = 2HVK3ZT334;
				GENERATE_INFOPLIST_FILE = YES;
				MARKETING_VERSION = 1.0;
				PRODUCT_BUNDLE_IDENTIFIER = kelvin.comp380SecondProjUITests;
				PRODUCT_NAME = "$(TARGET_NAME)";
				SWIFT_EMIT_LOC_STRINGS = NO;
				SWIFT_VERSION = 5.0;
				TARGETED_DEVICE_FAMILY = "1,2";
				TEST_TARGET_NAME = comp380SecondProj;
			};
			name = Release;
		};
/* End XCBuildConfiguration section */

/* Begin XCConfigurationList section */
		B6458C3327EAF2380041DB8E /* Build configuration list for PBXProject "comp380SecondProj" */ = {
			isa = XCConfigurationList;
			buildConfigurations = (
				B6458C6027EAF2390041DB8E /* Debug */,
				B6458C6127EAF2390041DB8E /* Release */,
			);
			defaultConfigurationIsVisible = 0;
			defaultConfigurationName = Release;
		};
		B6458C6227EAF2390041DB8E /* Build configuration list for PBXNativeTarget "comp380SecondProj" */ = {
			isa = XCConfigurationList;
			buildConfigurations = (
				B6458C6327EAF2390041DB8E /* Debug */,
				B6458C6427EAF2390041DB8E /* Release */,
			);
			defaultConfigurationIsVisible = 0;
			defaultConfigurationName = Release;
		};
		B6458C6527EAF2390041DB8E /* Build configuration list for PBXNativeTarget "comp380SecondProjTests" */ = {
			isa = XCConfigurationList;
			buildConfigurations = (
				B6458C6627EAF2390041DB8E /* Debug */,
				B6458C6727EAF2390041DB8E /* Release */,
			);
			defaultConfigurationIsVisible = 0;
			defaultConfigurationName = Release;
		};
		B6458C6827EAF2390041DB8E /* Build configuration list for PBXNativeTarget "comp380SecondProjUITests" */ = {
			isa = XCConfigurationList;
			buildConfigurations = (
				B6458C6927EAF2390041DB8E /* Debug */,
				B6458C6A27EAF2390041DB8E /* Release */,
			);
			defaultConfigurationIsVisible = 0;
			defaultConfigurationName = Release;
		};
/* End XCConfigurationList section */
	};
	rootObject = B6458C3027EAF2380041DB8E /* Project object */;
}
